
Microsoft Visual Studio Solution File, Format Version 12.00
# Visual Studio Version 16
VisualStudioVersion = 16.0.31129.286
MinimumVisualStudioVersion = 10.0.40219.1
Project("{FAE04EC0-301F-11D3-BF4B-00C04F79EFBC}") = "DataBaseSticksy", "DataBaseSticks\DataBaseSticksy.csproj", "{5B560FA5-F704-4460-8CE5-9B7B02FCF18A}"
EndProject
Project("{FAE04EC0-301F-11D3-BF4B-00C04F79EFBC}") = "DataBaseProtocol", "DataBaseProtocol\DataBaseProtocol.csproj", "{F1DB4FC6-5BF8-45C3-8CF5-E1123622231E}"
EndProject
Project("{FAE04EC0-301F-11D3-BF4B-00C04F79EFBC}") = "SticksyProtocol", "SticksyProtocol\SticksyProtocol.csproj", "{8C24FD12-4F15-46B2-BFFF-E1AA092CD8FF}"
EndProject
Global
	GlobalSection(SolutionConfigurationPlatforms) = preSolution
		Debug|Any CPU = Debug|Any CPU
		Release|Any CPU = Release|Any CPU
	EndGlobalSection
	GlobalSection(ProjectConfigurationPlatforms) = postSolution
		{5B560FA5-F704-4460-8CE5-9B7B02FCF18A}.Debug|Any CPU.ActiveCfg = Debug|Any CPU
		{5B560FA5-F704-4460-8CE5-9B7B02FCF18A}.Debug|Any CPU.Build.0 = Debug|Any CPU
		{5B560FA5-F704-4460-8CE5-9B7B02FCF18A}.Release|Any CPU.ActiveCfg = Release|Any CPU
		{5B560FA5-F704-4460-8CE5-9B7B02FCF18A}.Release|Any CPU.Build.0 = Release|Any CPU
		{F1DB4FC6-5BF8-45C3-8CF5-E1123622231E}.Debug|Any CPU.ActiveCfg = Debug|Any CPU
		{F1DB4FC6-5BF8-45C3-8CF5-E1123622231E}.Debug|Any CPU.Build.0 = Debug|Any CPU
		{F1DB4FC6-5BF8-45C3-8CF5-E1123622231E}.Release|Any CPU.ActiveCfg = Release|Any CPU
		{F1DB4FC6-5BF8-45C3-8CF5-E1123622231E}.Release|Any CPU.Build.0 = Release|Any CPU
		{8C24FD12-4F15-46B2-BFFF-E1AA092CD8FF}.Debug|Any CPU.ActiveCfg = Debug|Any CPU
		{8C24FD12-4F15-46B2-BFFF-E1AA092CD8FF}.Debug|Any CPU.Build.0 = Debug|Any CPU
		{8C24FD12-4F15-46B2-BFFF-E1AA092CD8FF}.Release|Any CPU.ActiveCfg = Release|Any CPU
		{8C24FD12-4F15-46B2-BFFF-E1AA092CD8FF}.Release|Any CPU.Build.0 = Release|Any CPU
	EndGlobalSection
	GlobalSection(SolutionProperties) = preSolution
		HideSolutionNode = FALSE
	EndGlobalSection
	GlobalSection(ExtensibilityGlobals) = postSolution
		SolutionGuid = {752B1A63-9CF4-4DBA-BDCF-A437D450E2CE}
	EndGlobalSection
EndGlobal
